
Microsoft Visual Studio Solution File, Format Version 12.00
# Visual Studio Version 16
VisualStudioVersion = 16.6.30114.105
MinimumVisualStudioVersion = 10.0.40219.1
Project("{FAE04EC0-301F-11D3-BF4B-00C04F79EFBC}") = "Kadmium-Enttec", "Kadmium-Enttec\Kadmium-Enttec.csproj", "{481C2C75-67A1-46C4-9027-EDBED322BE36}"
EndProject
Project("{FAE04EC0-301F-11D3-BF4B-00C04F79EFBC}") = "Kadmium-Enttec.Test", "Kadmium-Enttec.Test\Kadmium-Enttec.Test.csproj", "{A85475D2-A0C5-4908-8363-EF5071CB21AA}"
EndProject
Project("{FAE04EC0-301F-11D3-BF4B-00C04F79EFBC}") = "Kadmium-Enttec.DemoApp", "Kadmium-Enttec.DemoApp\Kadmium-Enttec.DemoApp.csproj", "{12C2E3BD-5574-41FC-B75E-D3D35CF1FEDD}"
EndProject
Global
	GlobalSection(SolutionConfigurationPlatforms) = preSolution
		Debug|Any CPU = Debug|Any CPU
		Debug|x64 = Debug|x64
		Debug|x86 = Debug|x86
		Release|Any CPU = Release|Any CPU
		Release|x64 = Release|x64
		Release|x86 = Release|x86
	EndGlobalSection
	GlobalSection(SolutionProperties) = preSolution
		HideSolutionNode = FALSE
	EndGlobalSection
	GlobalSection(ProjectConfigurationPlatforms) = postSolution
		{481C2C75-67A1-46C4-9027-EDBED322BE36}.Debug|Any CPU.ActiveCfg = Debug|Any CPU
		{481C2C75-67A1-46C4-9027-EDBED322BE36}.Debug|Any CPU.Build.0 = Debug|Any CPU
		{481C2C75-67A1-46C4-9027-EDBED322BE36}.Debug|x64.ActiveCfg = Debug|Any CPU
		{481C2C75-67A1-46C4-9027-EDBED322BE36}.Debug|x64.Build.0 = Debug|Any CPU
		{481C2C75-67A1-46C4-9027-EDBED322BE36}.Debug|x86.ActiveCfg = Debug|Any CPU
		{481C2C75-67A1-46C4-9027-EDBED322BE36}.Debug|x86.Build.0 = Debug|Any CPU
		{481C2C75-67A1-46C4-9027-EDBED322BE36}.Release|Any CPU.ActiveCfg = Release|Any CPU
		{481C2C75-67A1-46C4-9027-EDBED322BE36}.Release|Any CPU.Build.0 = Release|Any CPU
		{481C2C75-67A1-46C4-9027-EDBED322BE36}.Release|x64.ActiveCfg = Release|Any CPU
		{481C2C75-67A1-46C4-9027-EDBED322BE36}.Release|x64.Build.0 = Release|Any CPU
		{481C2C75-67A1-46C4-9027-EDBED322BE36}.Release|x86.ActiveCfg = Release|Any CPU
		{481C2C75-67A1-46C4-9027-EDBED322BE36}.Release|x86.Build.0 = Release|Any CPU
		{A85475D2-A0C5-4908-8363-EF5071CB21AA}.Debug|Any CPU.ActiveCfg = Debug|Any CPU
		{A85475D2-A0C5-4908-8363-EF5071CB21AA}.Debug|Any CPU.Build.0 = Debug|Any CPU
		{A85475D2-A0C5-4908-8363-EF5071CB21AA}.Debug|x64.ActiveCfg = Debug|Any CPU
		{A85475D2-A0C5-4908-8363-EF5071CB21AA}.Debug|x64.Build.0 = Debug|Any CPU
		{A85475D2-A0C5-4908-8363-EF5071CB21AA}.Debug|x86.ActiveCfg = Debug|Any CPU
		{A85475D2-A0C5-4908-8363-EF5071CB21AA}.Debug|x86.Build.0 = Debug|Any CPU
		{A85475D2-A0C5-4908-8363-EF5071CB21AA}.Release|Any CPU.ActiveCfg = Release|Any CPU
		{A85475D2-A0C5-4908-8363-EF5071CB21AA}.Release|Any CPU.Build.0 = Release|Any CPU
		{A85475D2-A0C5-4908-8363-EF5071CB21AA}.Release|x64.ActiveCfg = Release|Any CPU
		{A85475D2-A0C5-4908-8363-EF5071CB21AA}.Release|x64.Build.0 = Release|Any CPU
		{A85475D2-A0C5-4908-8363-EF5071CB21AA}.Release|x86.ActiveCfg = Release|Any CPU
		{A85475D2-A0C5-4908-8363-EF5071CB21AA}.Release|x86.Build.0 = Release|Any CPU
		{12C2E3BD-5574-41FC-B75E-D3D35CF1FEDD}.Debug|Any CPU.ActiveCfg = Debug|Any CPU
		{12C2E3BD-5574-41FC-B75E-D3D35CF1FEDD}.Debug|Any CPU.Build.0 = Debug|Any CPU
		{12C2E3BD-5574-41FC-B75E-D3D35CF1FEDD}.Debug|x64.ActiveCfg = Debug|Any CPU
		{12C2E3BD-5574-41FC-B75E-D3D35CF1FEDD}.Debug|x64.Build.0 = Debug|Any CPU
		{12C2E3BD-5574-41FC-B75E-D3D35CF1FEDD}.Debug|x86.ActiveCfg = Debug|Any CPU
		{12C2E3BD-5574-41FC-B75E-D3D35CF1FEDD}.Debug|x86.Build.0 = Debug|Any CPU
		{12C2E3BD-5574-41FC-B75E-D3D35CF1FEDD}.Release|Any CPU.ActiveCfg = Release|Any CPU
		{12C2E3BD-5574-41FC-B75E-D3D35CF1FEDD}.Release|Any CPU.Build.0 = Release|Any CPU
		{12C2E3BD-5574-41FC-B75E-D3D35CF1FEDD}.Release|x64.ActiveCfg = Release|Any CPU
		{12C2E3BD-5574-41FC-B75E-D3D35CF1FEDD}.Release|x64.Build.0 = Release|Any CPU
		{12C2E3BD-5574-41FC-B75E-D3D35CF1FEDD}.Release|x86.ActiveCfg = Release|Any CPU
		{12C2E3BD-5574-41FC-B75E-D3D35CF1FEDD}.Release|x86.Build.0 = Release|Any CPU
	EndGlobalSection
EndGlobal
